
Microsoft Visual Studio Solution File, Format Version 11.00
# Visual Studio 2010
Project("{FAE04EC0-301F-11D3-BF4B-00C04F79EFBC}") = "EIS", "EIS\EIS.csproj", "{3F724C12-7859-493C-8EBF-42E8BB5AC124}"
EndProject
Project("{FAE04EC0-301F-11D3-BF4B-00C04F79EFBC}") = "EISClient", "EISClient\EISClient.csproj", "{6C87D2B8-6A9D-4E5F-8C2A-F7EB8F545CDC}"
EndProject
Global
	GlobalSection(SolutionConfigurationPlatforms) = preSolution
		Debug|Any CPU = Debug|Any CPU
		Release|Any CPU = Release|Any CPU
	EndGlobalSection
	GlobalSection(ProjectConfigurationPlatforms) = postSolution
		{3F724C12-7859-493C-8EBF-42E8BB5AC124}.Debug|Any CPU.ActiveCfg = Debug|Any CPU
		{3F724C12-7859-493C-8EBF-42E8BB5AC124}.Debug|Any CPU.Build.0 = Debug|Any CPU
		{3F724C12-7859-493C-8EBF-42E8BB5AC124}.Release|Any CPU.ActiveCfg = Release|Any CPU
		{3F724C12-7859-493C-8EBF-42E8BB5AC124}.Release|Any CPU.Build.0 = Release|Any CPU
		{6C87D2B8-6A9D-4E5F-8C2A-F7EB8F545CDC}.Debug|Any CPU.ActiveCfg = Debug|Any CPU
		{6C87D2B8-6A9D-4E5F-8C2A-F7EB8F545CDC}.Debug|Any CPU.Build.0 = Debug|Any CPU
		{6C87D2B8-6A9D-4E5F-8C2A-F7EB8F545CDC}.Release|Any CPU.ActiveCfg = Release|Any CPU
		{6C87D2B8-6A9D-4E5F-8C2A-F7EB8F545CDC}.Release|Any CPU.Build.0 = Release|Any CPU
	EndGlobalSection
	GlobalSection(SolutionProperties) = preSolution
		HideSolutionNode = FALSE
	EndGlobalSection
EndGlobal
